{
  "name": "open-brain",
  "lockfileVersion": 3,
  "requires": true,
  "packages": {
    "": {
      "dependencies": {
        "deno": "^2.7.14"
      }
    },
    "node_modules/@deno/darwin-arm64": {
      "version": "2.7.14",
      "resolved": "https://registry.npmjs.org/@deno/darwin-arm64/-/darwin-arm64-2.7.14.tgz",
      "integrity": "sha512-LqJb/Si7B2VoLkKu5uis1/GGJ8QDfa1ntDBEbPllEbVjtWoluQSS5DLlx0e2HJsGbbJ21JY3UHuDzOhzKRmA/w==",
      "cpu": [
        "arm64"
      ],
      "license": "MIT",
      "optional": true,
      "os": [
        "darwin"
      ]
    },
    "node_modules/@deno/darwin-x64": {
      "version": "2.7.14",
      "resolved": "https://registry.npmjs.org/@deno/darwin-x64/-/darwin-x64-2.7.14.tgz",
      "integrity": "sha512-o3/0IHpprl1w1miO0r18GRW+S/prATbvnV/uEC7a2beniosy2HTOrfPDS837YtTaKdlRtDztoZ2xv84ncX3f/A==",
      "cpu": [
        "x64"
      ],
      "license": "MIT",
      "optional": true,
      "os": [
        "darwin"
      ]
    },
    "node_modules/@deno/linux-arm64-glibc": {
      "version": "2.7.14",
      "resolved": "https://registry.npmjs.org/@deno/linux-arm64-glibc/-/linux-arm64-glibc-2.7.14.tgz",
      "integrity": "sha512-ZInk/3F8RPxYpSHt1UYdEbVvuv+C5SqY1uUsH3Ogj7tlvg3XdhzDMi0TEaKc1dBSFklcT4oDLSi/23PtNI6dtw==",
      "cpu": [
        "arm64"
      ],
      "license": "MIT",
      "optional": true,
      "os": [
        "linux"
      ]
    },
    "node_modules/@deno/linux-x64-glibc": {
      "version": "2.7.14",
      "resolved": "https://registry.npmjs.org/@deno/linux-x64-glibc/-/linux-x64-glibc-2.7.14.tgz",
      "integrity": "sha512-AU+e9UrCwnfA94Yr/UrAzp5ALCkJyihUPQ5jhrWn9DCSTr/ctI41TVs9P5fEsClRMIrKyJ/zTWJpuJxlzRNoTw==",
      "cpu": [
        "x64"
      ],
      "license": "MIT",
      "optional": true,
      "os": [
        "linux"
      ]
    },
    "node_modules/@deno/win32-arm64": {
      "version": "2.7.14",
      "resolved": "https://registry.npmjs.org/@deno/win32-arm64/-/win32-arm64-2.7.14.tgz",
      "integrity": "sha512-Ox6A54t/Qn9fxJyA/VBt4mNYIF4SWcWpPjlyc+7X0V1LBAxTjNc1G8S1X6yYo3XoCfNVRzTHmo6QSOjuTVDGZA==",
      "cpu": [
        "arm64"
      ],
      "license": "MIT",
      "optional": true,
      "os": [
        "win32"
      ]
    },
    "node_modules/@deno/win32-x64": {
      "version": "2.7.14",
      "resolved": "https://registry.npmjs.org/@deno/win32-x64/-/win32-x64-2.7.14.tgz",
      "integrity": "sha512-d+6u6H244ofKQN/ulUgse0e9qG7CAXrCdWP82JVPEecv2HRNBTAlWBmiXBbUT27oy8V3Nt+YexR9xE7qZ8Puvg==",
      "cpu": [
        "x64"
      ],
      "license": "MIT",
      "optional": true,
      "os": [
        "win32"
      ]
    },
    "node_modules/deno": {
      "version": "2.7.14",
      "resolved": "https://registry.npmjs.org/deno/-/deno-2.7.14.tgz",
      "integrity": "sha512-bs9sM26x14FmH2B9BJyjSP3NpFDp7a9sOd+DcBL4+scik8PKdvTGf6WaecSHOi7Zm95/bygq3TRCV5gVHC/4SA==",
      "hasInstallScript": true,
      "license": "MIT",
      "bin": {
        "deno": "bin.cjs"
      },
      "optionalDependencies": {
        "@deno/darwin-arm64": "2.7.14",
        "@deno/darwin-x64": "2.7.14",
        "@deno/linux-arm64-glibc": "2.7.14",
        "@deno/linux-x64-glibc": "2.7.14",
        "@deno/win32-arm64": "2.7.14",
        "@deno/win32-x64": "2.7.14"
      }
    }
  }
}
